# THIS IS AN AUTOGENERATED FILE. DO NOT EDIT THIS FILE DIRECTLY.
# yarn lockfile v1


"@babel/runtime@^7.1.2":
  version "7.14.0"
  resolved "https://registry.yarnpkg.com/@babel/runtime/-/runtime-7.14.0.tgz#46794bc20b612c5f75e62dd071e24dfd95f1cbe6"
  dependencies:
    regenerator-runtime "^0.13.4"

"@tarojs/api@3.0.26":
  version "3.0.26"
  resolved "https://registry.yarnpkg.com/@tarojs/api/-/api-3.0.26.tgz#bf2252c573d1fdf29bd97f9de6922374e73a504d"
  dependencies:
    "@tarojs/runtime" "3.0.26"

"@tarojs/router@3.0.26":
  version "3.0.26"
  resolved "https://registry.yarnpkg.com/@tarojs/router/-/router-3.0.26.tgz#44a1820bbdf5e2f77f5885323d32468e63b8e912"
  dependencies:
    "@tarojs/runtime" "3.0.26"
    history "^4.10.1"
    universal-router "^8.3.0"
    url-parse "^1.4.7"

"@tarojs/runtime@3.0.26":
  version "3.0.26"
  resolved "https://registry.yarnpkg.com/@tarojs/runtime/-/runtime-3.0.26.tgz#45af56520e6cda28faca4c830334606a912d3fd4"
  dependencies:
    lodash-es "4.17.15"

"@tarojs/taro-h5@3.0.26":
  version "3.0.26"
  resolved "https://registry.yarnpkg.com/@tarojs/taro-h5/-/taro-h5-3.0.26.tgz#928d96ff3c31d4a5471bb8f36f3d188154ff754f"
  dependencies:
    "@tarojs/api" "3.0.26"
    "@tarojs/router" "3.0.26"
    "@tarojs/runtime" "3.0.26"
    base64-js "^1.3.0"
    jsonp-retry "^1.0.3"
    mobile-detect "^1.4.2"
    raf "^3.4.1"
    whatwg-fetch "^3.4.0"

"@tarojs/taro@3.0.26":
  version "3.0.26"
  resolved "https://registry.yarnpkg.com/@tarojs/taro/-/taro-3.0.26.tgz#91759b22d7ee35176073a1e6bc1daf082e72b82d"
  dependencies:
    "@tarojs/api" "3.0.26"
    "@tarojs/taro-h5" "3.0.26"

base64-js@^1.3.0:
  version "1.5.1"
  resolved "https://registry.yarnpkg.com/base64-js/-/base64-js-1.5.1.tgz#1b1b440160a5bf7ad40b650f095963481903930a"

history@^4.10.1:
  version "4.10.1"
  resolved "https://registry.yarnpkg.com/history/-/history-4.10.1.tgz#33371a65e3a83b267434e2b3f3b1b4c58aad4cf3"
  dependencies:
    "@babel/runtime" "^7.1.2"
    loose-envify "^1.2.0"
    resolve-pathname "^3.0.0"
    tiny-invariant "^1.0.2"
    tiny-warning "^1.0.0"
    value-equal "^1.0.1"

"js-tokens@^3.0.0 || ^4.0.0":
  version "4.0.0"
  resolved "https://registry.yarnpkg.com/js-tokens/-/js-tokens-4.0.0.tgz#19203fb59991df98e3a287050d4647cdeaf32499"

jsonp-retry@^1.0.3:
  version "1.0.3"
  resolved "https://registry.yarnpkg.com/jsonp-retry/-/jsonp-retry-1.0.3.tgz#9e6b18b02ec767a621dd44b4e99439a8a43a6419"
  dependencies:
    object-assign "^4.1.1"

lodash-es@4.17.15:
  version "4.17.15"
  resolved "https://registry.yarnpkg.com/lodash-es/-/lodash-es-4.17.15.tgz#21bd96839354412f23d7a10340e5eac6ee455d78"

lodash@^4.17.11:
  version "4.17.21"
  resolved "https://registry.yarnpkg.com/lodash/-/lodash-4.17.21.tgz#679591c564c3bffaae8454cf0b3df370c3d6911c"

loose-envify@^1.2.0:
  version "1.4.0"
  resolved "https://registry.yarnpkg.com/loose-envify/-/loose-envify-1.4.0.tgz#71ee51fa7be4caec1a63839f7e682d8132d30caf"
  dependencies:
    js-tokens "^3.0.0 || ^4.0.0"

mobile-detect@^1.4.2:
  version "1.4.5"
  resolved "https://registry.yarnpkg.com/mobile-detect/-/mobile-detect-1.4.5.tgz#da393c3c413ca1a9bcdd9ced653c38281c0fb6ad"

object-assign@^4.1.1:
  version "4.1.1"
  resolved "https://registry.yarnpkg.com/object-assign/-/object-assign-4.1.1.tgz#2109adc7965887cfc05cbbd442cac8bfbb360863"

path-to-regexp@^3.1.0:
  version "3.2.0"
  resolved "https://registry.yarnpkg.com/path-to-regexp/-/path-to-regexp-3.2.0.tgz#fa7877ecbc495c601907562222453c43cc204a5f"

performance-now@^2.1.0:
  version "2.1.0"
  resolved "https://registry.yarnpkg.com/performance-now/-/performance-now-2.1.0.tgz#6309f4e0e5fa913ec1c69307ae364b4b377c9e7b"

querystringify@^2.1.1:
  version "2.2.0"
  resolved "https://registry.yarnpkg.com/querystringify/-/querystringify-2.2.0.tgz#3345941b4153cb9d082d8eee4cda2016a9aef7f6"

raf@^3.4.1:
  version "3.4.1"
  resolved "https://registry.yarnpkg.com/raf/-/raf-3.4.1.tgz#0742e99a4a6552f445d73e3ee0328af0ff1ede39"
  dependencies:
    performance-now "^2.1.0"

regenerator-runtime@^0.13.4:
  version "0.13.7"
  resolved "https://registry.yarnpkg.com/regenerator-runtime/-/regenerator-runtime-0.13.7.tgz#cac2dacc8a1ea675feaabaeb8ae833898ae46f55"

requires-port@^1.0.0:
  version "1.0.0"
  resolved "https://registry.yarnpkg.com/requires-port/-/requires-port-1.0.0.tgz#925d2601d39ac485e091cf0da5c6e694dc3dcaff"

resolve-pathname@^3.0.0:
  version "3.0.0"
  resolved "https://registry.yarnpkg.com/resolve-pathname/-/resolve-pathname-3.0.0.tgz#99d02224d3cf263689becbb393bc560313025dcd"

tiny-invariant@^1.0.2:
  version "1.1.0"
  resolved "https://registry.yarnpkg.com/tiny-invariant/-/tiny-invariant-1.1.0.tgz#634c5f8efdc27714b7f386c35e6760991d230875"

tiny-warning@^1.0.0:
  version "1.0.3"
  resolved "https://registry.yarnpkg.com/tiny-warning/-/tiny-warning-1.0.3.tgz#94a30db453df4c643d0fd566060d60a875d84754"

universal-router@^8.3.0:
  version "8.3.0"
  resolved "https://registry.yarnpkg.com/universal-router/-/universal-router-8.3.0.tgz#533bce135d7b1abf591421c5d2028d54407a34a0"
  dependencies:
    path-to-regexp "^3.1.0"

url-parse@^1.4.7:
  version "1.5.1"
  resolved "https://registry.yarnpkg.com/url-parse/-/url-parse-1.5.1.tgz#d5fa9890af8a5e1f274a2c98376510f6425f6e3b"
  dependencies:
    querystringify "^2.1.1"
    requires-port "^1.0.0"

value-equal@^1.0.1:
  version "1.0.1"
  resolved "https://registry.yarnpkg.com/value-equal/-/value-equal-1.0.1.tgz#1e0b794c734c5c0cade179c437d356d931a34d6c"

whatwg-fetch@^3.4.0:
  version "3.6.2"
  resolved "https://registry.yarnpkg.com/whatwg-fetch/-/whatwg-fetch-3.6.2.tgz#dced24f37f2624ed0281725d51d0e2e3fe677f8c"
