# THIS IS AN AUTOGENERATED FILE. DO NOT EDIT THIS FILE DIRECTLY.
# yarn lockfile v1


"@ant-design/icons-react-native@^2.0.0":
  version "2.2.1"
  resolved "https://registry.npm.taobao.org/@ant-design/icons-react-native/download/@ant-design/icons-react-native-2.2.1.tgz#0d21226fefa90471129dba864efb6c437627fb37"
  integrity sha1-DSEib++pBHESnbqGTvtsQ3Yn+zc=

"@ant-design/react-native@^3.1.9":
  version "3.3.0"
  resolved "https://registry.npm.taobao.org/@ant-design/react-native/download/@ant-design/react-native-3.3.0.tgz#ecd1ef6e34f09e21e5969bce60996c5d8eeb01c3"
  integrity sha1-7NHvbjTwniHllpvOYJlsXY7rAcM=
  dependencies:
    "@ant-design/icons-react-native" "^2.0.0"
    "@bang88/react-native-drawer-layout" "^2.0.3"
    "@bang88/react-native-ultimate-listview" "^3.3.0"
    "@react-native-community/viewpager" "^1.1.7"
    array-tree-filter "~2.1.0"
    babel-runtime "^6.x"
    deepmerge "^3.0.0"
    normalize-css-color "^1.0.2"
    react-native-collapsible "^1.4.0"
    react-native-modal-popover "^0.0.12"
    react-native-safe-area-view "^0.11.0"
    react-native-swipeout "^2.3.6"
    utility-types "^2.1.0"

"@babel/runtime@^7.1.2":
  version "7.11.2"
  resolved "https://registry.npm.taobao.org/@babel/runtime/download/@babel/runtime-7.11.2.tgz?cache=0&sync_timestamp=1596637803941&other_urls=https%3A%2F%2Fregistry.npm.taobao.org%2F%40babel%2Fruntime%2Fdownload%2F%40babel%2Fruntime-7.11.2.tgz#f549c13c754cc40b87644b9fa9f09a6a95fe0736"
  integrity sha1-9UnBPHVMxAuHZEufqfCaapX+BzY=
  dependencies:
    regenerator-runtime "^0.13.4"

"@bang88/react-native-drawer-layout@^2.0.3":
  version "2.0.3"
  resolved "https://registry.npm.taobao.org/@bang88/react-native-drawer-layout/download/@bang88/react-native-drawer-layout-2.0.3.tgz#a93abd5a9c6d1fc4c0924a9f21c2cd7d1deea88d"
  integrity sha1-qTq9WpxtH8TAkkqfIcLNfR3uqI0=

"@bang88/react-native-ultimate-listview@^3.3.0":
  version "3.3.4"
  resolved "https://registry.npm.taobao.org/@bang88/react-native-ultimate-listview/download/@bang88/react-native-ultimate-listview-3.3.4.tgz#128828e64a7c1be1fd295ee25b5b07f323789d5d"
  integrity sha1-Eogo5kp8G+H9KV7iW1sH8yN4nV0=

"@manjiz/react-native-swiper@^0.1.3":
  version "0.1.3"
  resolved "https://registry.npm.taobao.org/@manjiz/react-native-swiper/download/@manjiz/react-native-swiper-0.1.3.tgz#979c2bb3469b43b34aeb0ef628a7c4022690fc0e"
  integrity sha1-l5wrs0abQ7NK6w72KKfEAiaQ/A4=

"@react-native-community/viewpager@^1.1.7":
  version "1.1.7"
  resolved "https://registry.npm.taobao.org/@react-native-community/viewpager/download/@react-native-community/viewpager-1.1.7.tgz#7d3b1631f1ec91145db92a8e25c80d53027e96ba"
  integrity sha1-fTsWMfHskRRduSqOJcgNUwJ+lro=

"@react-navigation/bottom-tabs@^5.8.0":
  version "5.8.0"
  resolved "https://registry.npm.taobao.org/@react-navigation/bottom-tabs/download/@react-navigation/bottom-tabs-5.8.0.tgz#d7386809bceeead0adcaacf61b6563be9cefd5cb"
  integrity sha1-1zhoCbzu6tCtyqz2G2Vjvpzv1cs=
  dependencies:
    color "^3.1.2"
    react-native-iphone-x-helper "^1.2.1"

"@react-navigation/core@^5.12.3":
  version "5.12.3"
  resolved "https://registry.npm.taobao.org/@react-navigation/core/download/@react-navigation/core-5.12.3.tgz#0484fcca290569a0dc10b70b99f00edd3f1fd93c"
  integrity sha1-BIT8yikFaaDcELcLmfAO3T8f2Tw=
  dependencies:
    "@react-navigation/routers" "^5.4.11"
    escape-string-regexp "^4.0.0"
    nanoid "^3.1.12"
    query-string "^6.13.1"
    react-is "^16.13.0"
    use-subscription "^1.4.0"

"@react-navigation/native@^5.7.3":
  version "5.7.3"
  resolved "https://registry.npm.taobao.org/@react-navigation/native/download/@react-navigation/native-5.7.3.tgz#3cda5ee7b0fe0d980db6d788419f0af50a64deac"
  integrity sha1-PNpe57D+DZgNtteIQZ8K9Qpk3qw=
  dependencies:
    "@react-navigation/core" "^5.12.3"
    nanoid "^3.1.12"

"@react-navigation/routers@^5.4.11":
  version "5.4.11"
  resolved "https://registry.npm.taobao.org/@react-navigation/routers/download/@react-navigation/routers-5.4.11.tgz?cache=0&sync_timestamp=1596543464599&other_urls=https%3A%2F%2Fregistry.npm.taobao.org%2F%40react-navigation%2Frouters%2Fdownload%2F%40react-navigation%2Frouters-5.4.11.tgz#75dbec1809e282c3749068845099c5bee2c792f0"
  integrity sha1-ddvsGAnigsN0kGiEUJnFvuLHkvA=
  dependencies:
    nanoid "^3.1.12"

"@react-navigation/stack@^5.9.0":
  version "5.9.0"
  resolved "https://registry.npm.taobao.org/@react-navigation/stack/download/@react-navigation/stack-5.9.0.tgz#bf24607175bf502798cc4c832aa8a86e55f3b365"
  integrity sha1-vyRgcXW/UCeYzEyDKqioblXzs2U=
  dependencies:
    color "^3.1.2"
    react-native-iphone-x-helper "^1.2.1"

"@tarojs/api@^3.0.11":
  version "3.0.11"
  resolved "https://registry.npm.taobao.org/@tarojs/api/download/@tarojs/api-3.0.11.tgz?cache=0&sync_timestamp=1600419658419&other_urls=https%3A%2F%2Fregistry.npm.taobao.org%2F%40tarojs%2Fapi%2Fdownload%2F%40tarojs%2Fapi-3.0.11.tgz#8819f33e87f7d3cf6b619a48606620e110938c52"
  integrity sha1-iBnzPof3089rYZpIYGYg4RCTjFI=
  dependencies:
    "@tarojs/runtime" "^3.0.11"

"@tarojs/components-rn@^2.2.10":
  version "2.2.10"
  resolved "https://registry.npm.taobao.org/@tarojs/components-rn/download/@tarojs/components-rn-2.2.10.tgz#5c3d7123b8f7ec670379c0a90f40c49af78ab63f"
  integrity sha1-XD1xI7j37GcDecCpD0DEmveKtj8=
  dependencies:
    "@ant-design/react-native" "^3.1.9"
    "@manjiz/react-native-swiper" "^0.1.3"
    prop-types "^15.6.2"
    react-dom "^16.4.0"
    react-mixin "^5.0.0"
    react-native-animatable "^1.3.0"
    react-native-maps "^0.25.0"
    react-native-swiper "^1.6.0"
    react-native-webview "^9.4.0"
    react-timer-mixin "^0.13.4"
    utility-types "^3.4.1"

"@tarojs/router-rn@file:../taro-router-rn":
  version "3.0.8"
  dependencies:
    "@react-navigation/bottom-tabs" "^5.8.0"
    "@react-navigation/native" "^5.7.3"
    "@react-navigation/stack" "^5.9.0"
    "@tarojs/taro" "^3.0.11"

"@tarojs/router@^3.0.11":
  version "3.0.11"
  resolved "https://registry.npm.taobao.org/@tarojs/router/download/@tarojs/router-3.0.11.tgz?cache=0&sync_timestamp=1600419861149&other_urls=https%3A%2F%2Fregistry.npm.taobao.org%2F%40tarojs%2Frouter%2Fdownload%2F%40tarojs%2Frouter-3.0.11.tgz#7ab5ebab805c6f4477de053203f6037ff77ed7a9"
  integrity sha1-erXrq4Bcb0R33gUyA/YDf/d+16k=
  dependencies:
    "@tarojs/runtime" "^3.0.11"
    history "^4.10.1"
    universal-router "^8.3.0"
    url-parse "^1.4.7"

"@tarojs/runtime@^3.0.11":
  version "3.0.11"
  resolved "https://registry.npm.taobao.org/@tarojs/runtime/download/@tarojs/runtime-3.0.11.tgz?cache=0&sync_timestamp=1600419657868&other_urls=https%3A%2F%2Fregistry.npm.taobao.org%2F%40tarojs%2Fruntime%2Fdownload%2F%40tarojs%2Fruntime-3.0.11.tgz#b85091901973ed62b0a42c29ad4b21a8838b8cdb"
  integrity sha1-uFCRkBlz7WKwpCwprUshqIOLjNs=

"@tarojs/taro-h5@^3.0.11":
  version "3.0.11"
  resolved "https://registry.npm.taobao.org/@tarojs/taro-h5/download/@tarojs/taro-h5-3.0.11.tgz?cache=0&sync_timestamp=1600419862444&other_urls=https%3A%2F%2Fregistry.npm.taobao.org%2F%40tarojs%2Ftaro-h5%2Fdownload%2F%40tarojs%2Ftaro-h5-3.0.11.tgz#71833c840701cb14365a79666027b10accc2d4a8"
  integrity sha1-cYM8hAcByxQ2WnlmYCexCszC1Kg=
  dependencies:
    "@tarojs/api" "^3.0.11"
    "@tarojs/router" "^3.0.11"
    "@tarojs/runtime" "^3.0.11"
    base64-js "^1.3.0"
    jsonp-retry "^1.0.3"
    mobile-detect "^1.4.2"
    raf "^3.4.1"
    unfetch "^4.1.0"
    whatwg-fetch "^2.0.4"

"@tarojs/taro@^3.0.11":
  version "3.0.11"
  resolved "https://registry.npm.taobao.org/@tarojs/taro/download/@tarojs/taro-3.0.11.tgz?cache=0&sync_timestamp=1600419856333&other_urls=https%3A%2F%2Fregistry.npm.taobao.org%2F%40tarojs%2Ftaro%2Fdownload%2F%40tarojs%2Ftaro-3.0.11.tgz#ef97540a25b917a30a8e1f25d70a4c87c9140936"
  integrity sha1-75dUCiW5F6MKjh8l1wpMh8kUCTY=
  dependencies:
    "@tarojs/api" "^3.0.11"
    "@tarojs/taro-h5" "^3.0.11"

"@types/prop-types@^15.5.5":
  version "15.7.3"
  resolved "https://registry.npm.taobao.org/@types/prop-types/download/@types/prop-types-15.7.3.tgz#2ab0d5da2e5815f94b0b9d4b95d1e5f243ab2ca7"
  integrity sha1-KrDV2i5YFflLC51LldHl8kOrLKc=

array-tree-filter@~2.1.0:
  version "2.1.0"
  resolved "https://registry.npm.taobao.org/array-tree-filter/download/array-tree-filter-2.1.0.tgz#873ac00fec83749f255ac8dd083814b4f6329190"
  integrity sha1-hzrAD+yDdJ8lWsjdCDgUtPYykZA=

asap@~2.0.3:
  version "2.0.6"
  resolved "https://registry.npm.taobao.org/asap/download/asap-2.0.6.tgz#e50347611d7e690943208bbdafebcbc2fb866d46"
  integrity sha1-5QNHYR1+aQlDIIu9r+vLwvuGbUY=

babel-runtime@^6.x:
  version "6.26.0"
  resolved "https://registry.npm.taobao.org/babel-runtime/download/babel-runtime-6.26.0.tgz#965c7058668e82b55d7bfe04ff2337bc8b5647fe"
  integrity sha1-llxwWGaOgrVde/4E/yM3vItWR/4=
  dependencies:
    core-js "^2.4.0"
    regenerator-runtime "^0.11.0"

base64-js@^1.3.0:
  version "1.3.1"
  resolved "https://registry.npm.taobao.org/base64-js/download/base64-js-1.3.1.tgz#58ece8cb75dd07e71ed08c736abc5fac4dbf8df1"
  integrity sha1-WOzoy3XdB+ce0IxzarxfrE2/jfE=

color-convert@^1.9.1:
  version "1.9.3"
  resolved "https://registry.npm.taobao.org/color-convert/download/color-convert-1.9.3.tgz#bb71850690e1f136567de629d2d5471deda4c1e8"
  integrity sha1-u3GFBpDh8TZWfeYp0tVHHe2kweg=
  dependencies:
    color-name "1.1.3"

color-name@1.1.3:
  version "1.1.3"
  resolved "https://registry.npm.taobao.org/color-name/download/color-name-1.1.3.tgz#a7d0558bd89c42f795dd42328f740831ca53bc25"
  integrity sha1-p9BVi9icQveV3UIyj3QIMcpTvCU=

color-name@^1.0.0:
  version "1.1.4"
  resolved "https://registry.npm.taobao.org/color-name/download/color-name-1.1.4.tgz#c2a09a87acbde69543de6f63fa3995c826c536a2"
  integrity sha1-wqCah6y95pVD3m9j+jmVyCbFNqI=

color-string@^1.5.2:
  version "1.5.3"
  resolved "https://registry.npm.taobao.org/color-string/download/color-string-1.5.3.tgz#c9bbc5f01b58b5492f3d6857459cb6590ce204cc"
  integrity sha1-ybvF8BtYtUkvPWhXRZy2WQziBMw=
  dependencies:
    color-name "^1.0.0"
    simple-swizzle "^0.2.2"

color@^3.1.2:
  version "3.1.2"
  resolved "https://registry.npm.taobao.org/color/download/color-3.1.2.tgz#68148e7f85d41ad7649c5fa8c8106f098d229e10"
  integrity sha1-aBSOf4XUGtdknF+oyBBvCY0inhA=
  dependencies:
    color-convert "^1.9.1"
    color-string "^1.5.2"

core-js@^1.0.0:
  version "1.2.7"
  resolved "https://registry.npm.taobao.org/core-js/download/core-js-1.2.7.tgz#652294c14651db28fa93bd2d5ff2983a4f08c636"
  integrity sha1-ZSKUwUZR2yj6k70tX/KYOk8IxjY=

core-js@^2.4.0:
  version "2.6.11"
  resolved "https://registry.npm.taobao.org/core-js/download/core-js-2.6.11.tgz#38831469f9922bded8ee21c9dc46985e0399308c"
  integrity sha1-OIMUafmSK97Y7iHJ3EaYXgOZMIw=

create-react-class@^15.6.0:
  version "15.6.3"
  resolved "https://registry.npm.taobao.org/create-react-class/download/create-react-class-15.6.3.tgz#2d73237fb3f970ae6ebe011a9e66f46dbca80036"
  integrity sha1-LXMjf7P5cK5uvgEanmb0bbyoADY=
  dependencies:
    fbjs "^0.8.9"
    loose-envify "^1.3.1"
    object-assign "^4.1.1"

decode-uri-component@^0.2.0:
  version "0.2.0"
  resolved "https://registry.npm.taobao.org/decode-uri-component/download/decode-uri-component-0.2.0.tgz#eb3913333458775cb84cd1a1fae062106bb87545"
  integrity sha1-6zkTMzRYd1y4TNGh+uBiEGu4dUU=

deepmerge@^3.0.0:
  version "3.3.0"
  resolved "https://registry.npm.taobao.org/deepmerge/download/deepmerge-3.3.0.tgz#d3c47fd6f3a93d517b14426b0628a17b0125f5f7"
  integrity sha1-08R/1vOpPVF7FEJrBiihewEl9fc=

encoding@^0.1.11:
  version "0.1.13"
  resolved "https://registry.npm.taobao.org/encoding/download/encoding-0.1.13.tgz?cache=0&sync_timestamp=1594362877372&other_urls=https%3A%2F%2Fregistry.npm.taobao.org%2Fencoding%2Fdownload%2Fencoding-0.1.13.tgz#56574afdd791f54a8e9b2785c0582a2d26210fa9"
  integrity sha1-VldK/deR9UqOmyeFwFgqLSYhD6k=
  dependencies:
    iconv-lite "^0.6.2"

escape-string-regexp@2.0.0:
  version "2.0.0"
  resolved "https://registry.npm.taobao.org/escape-string-regexp/download/escape-string-regexp-2.0.0.tgz#a30304e99daa32e23b2fd20f51babd07cffca344"
  integrity sha1-owME6Z2qMuI7L9IPUbq9B8/8o0Q=

escape-string-regexp@^4.0.0:
  version "4.0.0"
  resolved "https://registry.npm.taobao.org/escape-string-regexp/download/escape-string-regexp-4.0.0.tgz#14ba83a5d373e3d311e5afca29cf5bfad965bf34"
  integrity sha1-FLqDpdNz49MR5a/KKc9b+tllvzQ=

fbjs@^0.8.9:
  version "0.8.17"
  resolved "https://registry.npm.taobao.org/fbjs/download/fbjs-0.8.17.tgz?cache=0&sync_timestamp=1596065957315&other_urls=https%3A%2F%2Fregistry.npm.taobao.org%2Ffbjs%2Fdownload%2Ffbjs-0.8.17.tgz#c4d598ead6949112653d6588b01a5cdcd9f90fdd"
  integrity sha1-xNWY6taUkRJlPWWIsBpc3Nn5D90=
  dependencies:
    core-js "^1.0.0"
    isomorphic-fetch "^2.1.1"
    loose-envify "^1.0.0"
    object-assign "^4.1.0"
    promise "^7.1.1"
    setimmediate "^1.0.5"
    ua-parser-js "^0.7.18"

history@^4.10.1:
  version "4.10.1"
  resolved "https://registry.npm.taobao.org/history/download/history-4.10.1.tgz?cache=0&sync_timestamp=1591982561040&other_urls=https%3A%2F%2Fregistry.npm.taobao.org%2Fhistory%2Fdownload%2Fhistory-4.10.1.tgz#33371a65e3a83b267434e2b3f3b1b4c58aad4cf3"
  integrity sha1-MzcaZeOoOyZ0NOKz87G0xYqtTPM=
  dependencies:
    "@babel/runtime" "^7.1.2"
    loose-envify "^1.2.0"
    resolve-pathname "^3.0.0"
    tiny-invariant "^1.0.2"
    tiny-warning "^1.0.0"
    value-equal "^1.0.1"

hoist-non-react-statics@^2.3.1:
  version "2.5.5"
  resolved "https://registry.npm.taobao.org/hoist-non-react-statics/download/hoist-non-react-statics-2.5.5.tgz#c5903cf409c0dfd908f388e619d86b9c1174cb47"
  integrity sha1-xZA89AnA39kI84jmGdhrnBF0y0c=

iconv-lite@^0.6.2:
  version "0.6.2"
  resolved "https://registry.npm.taobao.org/iconv-lite/download/iconv-lite-0.6.2.tgz?cache=0&sync_timestamp=1594184325364&other_urls=https%3A%2F%2Fregistry.npm.taobao.org%2Ficonv-lite%2Fdownload%2Ficonv-lite-0.6.2.tgz#ce13d1875b0c3a674bd6a04b7f76b01b1b6ded01"
  integrity sha1-zhPRh1sMOmdL1qBLf3awGxtt7QE=
  dependencies:
    safer-buffer ">= 2.1.2 < 3.0.0"

invariant@2.2.4:
  version "2.2.4"
  resolved "https://registry.npm.taobao.org/invariant/download/invariant-2.2.4.tgz#610f3c92c9359ce1db616e538008d23ff35158e6"
  integrity sha1-YQ88ksk1nOHbYW5TgAjSP/NRWOY=
  dependencies:
    loose-envify "^1.0.0"

is-arrayish@^0.3.1:
  version "0.3.2"
  resolved "https://registry.npm.taobao.org/is-arrayish/download/is-arrayish-0.3.2.tgz#4574a2ae56f7ab206896fb431eaeed066fdf8f03"
  integrity sha1-RXSirlb3qyBolvtDHq7tBm/fjwM=

is-stream@^1.0.1:
  version "1.1.0"
  resolved "https://registry.npm.taobao.org/is-stream/download/is-stream-1.1.0.tgz#12d4a3dd4e68e0b79ceb8dbc84173ae80d91ca44"
  integrity sha1-EtSj3U5o4Lec6428hBc66A2RykQ=

isomorphic-fetch@^2.1.1:
  version "2.2.1"
  resolved "https://registry.npm.taobao.org/isomorphic-fetch/download/isomorphic-fetch-2.2.1.tgz#611ae1acf14f5e81f729507472819fe9733558a9"
  integrity sha1-YRrhrPFPXoH3KVB0coGf6XM1WKk=
  dependencies:
    node-fetch "^1.0.1"
    whatwg-fetch ">=0.10.0"

"js-tokens@^3.0.0 || ^4.0.0":
  version "4.0.0"
  resolved "https://registry.npm.taobao.org/js-tokens/download/js-tokens-4.0.0.tgz#19203fb59991df98e3a287050d4647cdeaf32499"
  integrity sha1-GSA/tZmR35jjoocFDUZHzerzJJk=

jsonp-retry@^1.0.3:
  version "1.0.3"
  resolved "https://registry.npm.taobao.org/jsonp-retry/download/jsonp-retry-1.0.3.tgz#9e6b18b02ec767a621dd44b4e99439a8a43a6419"
  integrity sha1-nmsYsC7HZ6Yh3US06ZQ5qKQ6ZBk=
  dependencies:
    object-assign "^4.1.1"

lodash.debounce@^4.0.8:
  version "4.0.8"
  resolved "https://registry.npm.taobao.org/lodash.debounce/download/lodash.debounce-4.0.8.tgz#82d79bff30a67c4005ffd5e2515300ad9ca4d7af"
  integrity sha1-gteb/zCmfEAF/9XiUVMArZyk168=

loose-envify@^1.0.0, loose-envify@^1.1.0, loose-envify@^1.2.0, loose-envify@^1.3.1, loose-envify@^1.4.0:
  version "1.4.0"
  resolved "https://registry.npm.taobao.org/loose-envify/download/loose-envify-1.4.0.tgz#71ee51fa7be4caec1a63839f7e682d8132d30caf"
  integrity sha1-ce5R+nvkyuwaY4OffmgtgTLTDK8=
  dependencies:
    js-tokens "^3.0.0 || ^4.0.0"

mobile-detect@^1.4.2:
  version "1.4.4"
  resolved "https://registry.npm.taobao.org/mobile-detect/download/mobile-detect-1.4.4.tgz#686c74e92d3cc06b09a9b3594b7b981494b137f6"
  integrity sha1-aGx06S08wGsJqbNZS3uYFJSxN/Y=

nanoid@^3.1.12:
  version "3.1.12"
  resolved "https://registry.npm.taobao.org/nanoid/download/nanoid-3.1.12.tgz#6f7736c62e8d39421601e4a0c77623a97ea69654"
  integrity sha1-b3c2xi6NOUIWAeSgx3YjqX6mllQ=

node-fetch@^1.0.1:
  version "1.7.3"
  resolved "https://registry.npm.taobao.org/node-fetch/download/node-fetch-1.7.3.tgz?cache=0&sync_timestamp=1599309120224&other_urls=https%3A%2F%2Fregistry.npm.taobao.org%2Fnode-fetch%2Fdownload%2Fnode-fetch-1.7.3.tgz#980f6f72d85211a5347c6b2bc18c5b84c3eb47ef"
  integrity sha1-mA9vcthSEaU0fGsrwYxbhMPrR+8=
  dependencies:
    encoding "^0.1.11"
    is-stream "^1.0.1"

normalize-css-color@^1.0.2:
  version "1.0.2"
  resolved "https://registry.npm.taobao.org/normalize-css-color/download/normalize-css-color-1.0.2.tgz#02991e97cccec6623fe573afbbf0de6a1f3e9f8d"
  integrity sha1-Apkel8zOxmI/5XOvu/Deah8+n40=

object-assign@^4.0.1, object-assign@^4.1.0, object-assign@^4.1.1:
  version "4.1.1"
  resolved "https://registry.npm.taobao.org/object-assign/download/object-assign-4.1.1.tgz#2109adc7965887cfc05cbbd442cac8bfbb360863"
  integrity sha1-IQmtx5ZYh8/AXLvUQsrIv7s2CGM=

path-to-regexp@^3.1.0:
  version "3.2.0"
  resolved "https://registry.npm.taobao.org/path-to-regexp/download/path-to-regexp-3.2.0.tgz#fa7877ecbc495c601907562222453c43cc204a5f"
  integrity sha1-+nh37LxJXGAZB1YiIkU8Q8wgSl8=

performance-now@^2.1.0:
  version "2.1.0"
  resolved "https://registry.npm.taobao.org/performance-now/download/performance-now-2.1.0.tgz#6309f4e0e5fa913ec1c69307ae364b4b377c9e7b"
  integrity sha1-Ywn04OX6kT7BxpMHrjZLSzd8nns=

promise@^7.1.1:
  version "7.3.1"
  resolved "https://registry.npm.taobao.org/promise/download/promise-7.3.1.tgz#064b72602b18f90f29192b8b1bc418ffd1ebd3bf"
  integrity sha1-BktyYCsY+Q8pGSuLG8QY/9Hr078=
  dependencies:
    asap "~2.0.3"

prop-types@^15.5.10, prop-types@^15.6.2, prop-types@^15.7.2:
  version "15.7.2"
  resolved "https://registry.npm.taobao.org/prop-types/download/prop-types-15.7.2.tgz#52c41e75b8c87e72b9d9360e0206b99dcbffa6c5"
  integrity sha1-UsQedbjIfnK52TYOAga5ncv/psU=
  dependencies:
    loose-envify "^1.4.0"
    object-assign "^4.1.1"
    react-is "^16.8.1"

query-string@^6.13.1:
  version "6.13.2"
  resolved "https://registry.npm.taobao.org/query-string/download/query-string-6.13.2.tgz#3585aa9412c957cbd358fd5eaca7466f05586dda"
  integrity sha1-NYWqlBLJV8vTWP1erKdGbwVYbdo=
  dependencies:
    decode-uri-component "^0.2.0"
    split-on-first "^1.0.0"
    strict-uri-encode "^2.0.0"

querystringify@^2.1.1:
  version "2.2.0"
  resolved "https://registry.npm.taobao.org/querystringify/download/querystringify-2.2.0.tgz#3345941b4153cb9d082d8eee4cda2016a9aef7f6"
  integrity sha1-M0WUG0FTy50ILY7uTNogFqmu9/Y=

raf@^3.1.0, raf@^3.4.1:
  version "3.4.1"
  resolved "https://registry.npm.taobao.org/raf/download/raf-3.4.1.tgz#0742e99a4a6552f445d73e3ee0328af0ff1ede39"
  integrity sha1-B0LpmkplUvRF1z4+4DKK8P8e3jk=
  dependencies:
    performance-now "^2.1.0"

react-dom@^16.4.0:
  version "16.13.1"
  resolved "https://registry.npm.taobao.org/react-dom/download/react-dom-16.13.1.tgz?cache=0&sync_timestamp=1598612782533&other_urls=https%3A%2F%2Fregistry.npm.taobao.org%2Freact-dom%2Fdownload%2Freact-dom-16.13.1.tgz#c1bd37331a0486c078ee54c4740720993b2e0e7f"
  integrity sha1-wb03MxoEhsB47lTEdAcgmTsuDn8=
  dependencies:
    loose-envify "^1.1.0"
    object-assign "^4.1.1"
    prop-types "^15.6.2"
    scheduler "^0.19.1"

react-is@^16.13.0, react-is@^16.8.1:
  version "16.13.1"
  resolved "https://registry.npm.taobao.org/react-is/download/react-is-16.13.1.tgz?cache=0&sync_timestamp=1598612913326&other_urls=https%3A%2F%2Fregistry.npm.taobao.org%2Freact-is%2Fdownload%2Freact-is-16.13.1.tgz#789729a4dc36de2999dc156dd6c1d9c18cea56a4"
  integrity sha1-eJcppNw23imZ3BVt1sHZwYzqVqQ=

react-mixin@^5.0.0:
  version "5.0.0"
  resolved "https://registry.npm.taobao.org/react-mixin/download/react-mixin-5.0.0.tgz#6c24db9b7e33d7d319544a61bd83707cf228d596"
  integrity sha1-bCTbm34z19MZVEphvYNwfPIo1ZY=
  dependencies:
    object-assign "^4.0.1"
    smart-mixin "^2.0.0"

react-native-animatable@^1.3.0:
  version "1.3.3"
  resolved "https://registry.npm.taobao.org/react-native-animatable/download/react-native-animatable-1.3.3.tgz#a13a4af8258e3bb14d0a9d839917e9bb9274ec8a"
  integrity sha1-oTpK+CWOO7FNCp2DmRfpu5J07Io=
  dependencies:
    prop-types "^15.7.2"

react-native-collapsible@^1.4.0:
  version "1.5.3"
  resolved "https://registry.npm.taobao.org/react-native-collapsible/download/react-native-collapsible-1.5.3.tgz#d6bc7274ae8f40f7688cca23ededa263e6c81c63"
  integrity sha1-1rxydK6PQPdojMoj7e2iY+bIHGM=
  dependencies:
    prop-types "^15.6.2"

react-native-iphone-x-helper@^1.2.1:
  version "1.2.1"
  resolved "https://registry.npm.taobao.org/react-native-iphone-x-helper/download/react-native-iphone-x-helper-1.2.1.tgz#645e2ffbbb49e80844bb4cbbe34a126fda1e6772"
  integrity sha1-ZF4v+7tJ6AhEu0y740oSb9oeZ3I=

react-native-maps@^0.25.0:
  version "0.25.0"
  resolved "https://registry.npm.taobao.org/react-native-maps/download/react-native-maps-0.25.0.tgz#81bc51eb50e33811a9e1c345cc48869413ead67d"
  integrity sha1-gbxR61DjOBGp4cNFzEiGlBPq1n0=

react-native-modal-popover@^0.0.12:
  version "0.0.12"
  resolved "https://registry.npm.taobao.org/react-native-modal-popover/download/react-native-modal-popover-0.0.12.tgz#5c0b5e9e0323490c3c5867821fc94b6582bfa3dc"
  integrity sha1-XAtengMjSQw8WGeCH8lLZYK/o9w=
  dependencies:
    "@types/prop-types" "^15.5.5"
    lodash.debounce "^4.0.8"
    prop-types "^15.6.2"

react-native-safe-area-view@^0.11.0:
  version "0.11.0"
  resolved "https://registry.npm.taobao.org/react-native-safe-area-view/download/react-native-safe-area-view-0.11.0.tgz#4f3dda43c2bace37965e7c6aef5fc83d4f19d174"
  integrity sha1-Tz3aQ8K6zjeWXnxq71/IPU8Z0XQ=
  dependencies:
    hoist-non-react-statics "^2.3.1"

react-native-swipeout@^2.3.6:
  version "2.3.6"
  resolved "https://registry.npm.taobao.org/react-native-swipeout/download/react-native-swipeout-2.3.6.tgz#47dac8a835825cf3f2eef9e495574a3d9ab6d3fa"
  integrity sha1-R9rIqDWCXPPy7vnklVdKPZq20/o=
  dependencies:
    create-react-class "^15.6.0"
    prop-types "^15.5.10"
    react-tween-state "^0.1.5"

react-native-swiper@^1.6.0:
  version "1.6.0"
  resolved "https://registry.npm.taobao.org/react-native-swiper/download/react-native-swiper-1.6.0.tgz#59fdbdf95addee49630312f27077622c27776819"
  integrity sha1-Wf29+Vrd7kljAxLycHdiLCd3aBk=
  dependencies:
    prop-types "^15.5.10"

react-native-webview@^9.4.0:
  version "9.4.0"
  resolved "https://registry.npm.taobao.org/react-native-webview/download/react-native-webview-9.4.0.tgz#108da34a6c7e1c032dcabc942b7e4947ca1d8028"
  integrity sha1-EI2jSmx+HAMtyryUK35JR8odgCg=
  dependencies:
    escape-string-regexp "2.0.0"
    invariant "2.2.4"

react-timer-mixin@^0.13.4:
  version "0.13.4"
  resolved "https://registry.npm.taobao.org/react-timer-mixin/download/react-timer-mixin-0.13.4.tgz#75a00c3c94c13abe29b43d63b4c65a88fc8264d3"
  integrity sha1-daAMPJTBOr4ptD1jtMZaiPyCZNM=

react-tween-state@^0.1.5:
  version "0.1.5"
  resolved "https://registry.npm.taobao.org/react-tween-state/download/react-tween-state-0.1.5.tgz#e98b066551efb93cb92dd1be14995c2e3deae339"
  integrity sha1-6YsGZVHvuTy5LdG+FJlcLj3q4zk=
  dependencies:
    raf "^3.1.0"
    tween-functions "^1.0.1"

regenerator-runtime@^0.11.0:
  version "0.11.1"
  resolved "https://registry.npm.taobao.org/regenerator-runtime/download/regenerator-runtime-0.11.1.tgz?cache=0&sync_timestamp=1595456117883&other_urls=https%3A%2F%2Fregistry.npm.taobao.org%2Fregenerator-runtime%2Fdownload%2Fregenerator-runtime-0.11.1.tgz#be05ad7f9bf7d22e056f9726cee5017fbf19e2e9"
  integrity sha1-vgWtf5v30i4Fb5cmzuUBf78Z4uk=

regenerator-runtime@^0.13.4:
  version "0.13.7"
  resolved "https://registry.npm.taobao.org/regenerator-runtime/download/regenerator-runtime-0.13.7.tgz?cache=0&sync_timestamp=1595456117883&other_urls=https%3A%2F%2Fregistry.npm.taobao.org%2Fregenerator-runtime%2Fdownload%2Fregenerator-runtime-0.13.7.tgz#cac2dacc8a1ea675feaabaeb8ae833898ae46f55"
  integrity sha1-ysLazIoepnX+qrrriugziYrkb1U=

requires-port@^1.0.0:
  version "1.0.0"
  resolved "https://registry.npm.taobao.org/requires-port/download/requires-port-1.0.0.tgz#925d2601d39ac485e091cf0da5c6e694dc3dcaff"
  integrity sha1-kl0mAdOaxIXgkc8NpcbmlNw9yv8=

resolve-pathname@^3.0.0:
  version "3.0.0"
  resolved "https://registry.npm.taobao.org/resolve-pathname/download/resolve-pathname-3.0.0.tgz#99d02224d3cf263689becbb393bc560313025dcd"
  integrity sha1-mdAiJNPPJjaJvsuzk7xWAxMCXc0=

"safer-buffer@>= 2.1.2 < 3.0.0":
  version "2.1.2"
  resolved "https://registry.npm.taobao.org/safer-buffer/download/safer-buffer-2.1.2.tgz#44fa161b0187b9549dd84bb91802f9bd8385cd6a"
  integrity sha1-RPoWGwGHuVSd2Eu5GAL5vYOFzWo=

scheduler@^0.19.1:
  version "0.19.1"
  resolved "https://registry.npm.taobao.org/scheduler/download/scheduler-0.19.1.tgz?cache=0&sync_timestamp=1598612913128&other_urls=https%3A%2F%2Fregistry.npm.taobao.org%2Fscheduler%2Fdownload%2Fscheduler-0.19.1.tgz#4f3e2ed2c1a7d65681f4c854fa8c5a1ccb40f196"
  integrity sha1-Tz4u0sGn1laB9MhU+oxaHMtA8ZY=
  dependencies:
    loose-envify "^1.1.0"
    object-assign "^4.1.1"

setimmediate@^1.0.5:
  version "1.0.5"
  resolved "https://registry.npm.taobao.org/setimmediate/download/setimmediate-1.0.5.tgz#290cbb232e306942d7d7ea9b83732ab7856f8285"
  integrity sha1-KQy7Iy4waULX1+qbg3Mqt4VvgoU=

simple-swizzle@^0.2.2:
  version "0.2.2"
  resolved "https://registry.npm.taobao.org/simple-swizzle/download/simple-swizzle-0.2.2.tgz#a4da6b635ffcccca33f70d17cb92592de95e557a"
  integrity sha1-pNprY1/8zMoz9w0Xy5JZLeleVXo=
  dependencies:
    is-arrayish "^0.3.1"

smart-mixin@^2.0.0:
  version "2.0.0"
  resolved "https://registry.npm.taobao.org/smart-mixin/download/smart-mixin-2.0.0.tgz#a34a1055e32a75b30d2b4e3ca323dc99cb53f437"
  integrity sha1-o0oQVeMqdbMNK048oyPcmctT9Dc=

split-on-first@^1.0.0:
  version "1.1.0"
  resolved "https://registry.npm.taobao.org/split-on-first/download/split-on-first-1.1.0.tgz#f610afeee3b12bce1d0c30425e76398b78249a5f"
  integrity sha1-9hCv7uOxK84dDDBCXnY5i3gkml8=

strict-uri-encode@^2.0.0:
  version "2.0.0"
  resolved "https://registry.npm.taobao.org/strict-uri-encode/download/strict-uri-encode-2.0.0.tgz#b9c7330c7042862f6b142dc274bbcc5866ce3546"
  integrity sha1-ucczDHBChi9rFC3CdLvMWGbONUY=

tiny-invariant@^1.0.2:
  version "1.1.0"
  resolved "https://registry.npm.taobao.org/tiny-invariant/download/tiny-invariant-1.1.0.tgz#634c5f8efdc27714b7f386c35e6760991d230875"
  integrity sha1-Y0xfjv3CdxS384bDXmdgmR0jCHU=

tiny-warning@^1.0.0:
  version "1.0.3"
  resolved "https://registry.npm.taobao.org/tiny-warning/download/tiny-warning-1.0.3.tgz#94a30db453df4c643d0fd566060d60a875d84754"
  integrity sha1-lKMNtFPfTGQ9D9VmBg1gqHXYR1Q=

tween-functions@^1.0.1:
  version "1.2.0"
  resolved "https://registry.npm.taobao.org/tween-functions/download/tween-functions-1.2.0.tgz#1ae3a50e7c60bb3def774eac707acbca73bbc3ff"
  integrity sha1-GuOlDnxguz3vd06scHrLynO7w/8=

ua-parser-js@^0.7.18:
  version "0.7.22"
  resolved "https://registry.npm.taobao.org/ua-parser-js/download/ua-parser-js-0.7.22.tgz?cache=0&sync_timestamp=1599900411653&other_urls=https%3A%2F%2Fregistry.npm.taobao.org%2Fua-parser-js%2Fdownload%2Fua-parser-js-0.7.22.tgz#960df60a5f911ea8f1c818f3747b99c6e177eae3"
  integrity sha1-lg32Cl+RHqjxyBjzdHuZxuF36uM=

unfetch@^4.1.0:
  version "4.1.0"
  resolved "https://registry.npm.taobao.org/unfetch/download/unfetch-4.1.0.tgz#6ec2dd0de887e58a4dee83a050ded80ffc4137db"
  integrity sha1-bsLdDeiH5YpN7oOgUN7YD/xBN9s=

universal-router@^8.3.0:
  version "8.3.0"
  resolved "https://registry.npm.taobao.org/universal-router/download/universal-router-8.3.0.tgz#533bce135d7b1abf591421c5d2028d54407a34a0"
  integrity sha1-UzvOE117Gr9ZFCHF0gKNVEB6NKA=
  dependencies:
    path-to-regexp "^3.1.0"

url-parse@^1.4.7:
  version "1.4.7"
  resolved "https://registry.npm.taobao.org/url-parse/download/url-parse-1.4.7.tgz#a8a83535e8c00a316e403a5db4ac1b9b853ae278"
  integrity sha1-qKg1NejACjFuQDpdtKwbm4U64ng=
  dependencies:
    querystringify "^2.1.1"
    requires-port "^1.0.0"

use-subscription@^1.4.0:
  version "1.4.1"
  resolved "https://registry.npm.taobao.org/use-subscription/download/use-subscription-1.4.1.tgz?cache=0&sync_timestamp=1598613047923&other_urls=https%3A%2F%2Fregistry.npm.taobao.org%2Fuse-subscription%2Fdownload%2Fuse-subscription-1.4.1.tgz#edcbcc220f1adb2dd4fa0b2f61b6cc308e620069"
  integrity sha1-7cvMIg8a2y3U+gsvYbbMMI5iAGk=
  dependencies:
    object-assign "^4.1.1"

utility-types@^2.1.0:
  version "2.1.0"
  resolved "https://registry.npm.taobao.org/utility-types/download/utility-types-2.1.0.tgz#0c78fc9f7eb424d14302222b4ddd13fdb17f44ab"
  integrity sha1-DHj8n360JNFDAiIrTd0T/bF/RKs=

utility-types@^3.4.1:
  version "3.10.0"
  resolved "https://registry.npm.taobao.org/utility-types/download/utility-types-3.10.0.tgz#ea4148f9a741015f05ed74fd615e1d20e6bed82b"
  integrity sha1-6kFI+adBAV8F7XT9YV4dIOa+2Cs=

value-equal@^1.0.1:
  version "1.0.1"
  resolved "https://registry.npm.taobao.org/value-equal/download/value-equal-1.0.1.tgz#1e0b794c734c5c0cade179c437d356d931a34d6c"
  integrity sha1-Hgt5THNMXAyt4XnEN9NW2TGjTWw=

whatwg-fetch@>=0.10.0:
  version "3.4.1"
  resolved "https://registry.npm.taobao.org/whatwg-fetch/download/whatwg-fetch-3.4.1.tgz?cache=0&sync_timestamp=1599473260478&other_urls=https%3A%2F%2Fregistry.npm.taobao.org%2Fwhatwg-fetch%2Fdownload%2Fwhatwg-fetch-3.4.1.tgz#e5f871572d6879663fa5674c8f833f15a8425ab3"
  integrity sha1-5fhxVy1oeWY/pWdMj4M/FahCWrM=

whatwg-fetch@^2.0.4:
  version "2.0.4"
  resolved "https://registry.npm.taobao.org/whatwg-fetch/download/whatwg-fetch-2.0.4.tgz?cache=0&sync_timestamp=1599473260478&other_urls=https%3A%2F%2Fregistry.npm.taobao.org%2Fwhatwg-fetch%2Fdownload%2Fwhatwg-fetch-2.0.4.tgz#dde6a5df315f9d39991aa17621853d720b85566f"
  integrity sha1-3eal3zFfnTmZGqF2IYU9cguFVm8=
